
Microsoft Visual Studio Solution File, Format Version 12.00
# Visual Studio 15
VisualStudioVersion = 15.0.28307.136
MinimumVisualStudioVersion = 10.0.40219.1
Project("{FAE04EC0-301F-11D3-BF4B-00C04F79EFBC}") = "IoTApiMock", "IoTApiMock\IoTApiMock.csproj", "{198FA363-C4D4-462E-9795-54B9F8AA6EA1}"
EndProject
Global
	GlobalSection(SolutionConfigurationPlatforms) = preSolution
		Debug|Any CPU = Debug|Any CPU
		Release|Any CPU = Release|Any CPU
	EndGlobalSection
	GlobalSection(ProjectConfigurationPlatforms) = postSolution
		{198FA363-C4D4-462E-9795-54B9F8AA6EA1}.Debug|Any CPU.ActiveCfg = Debug|Any CPU
		{198FA363-C4D4-462E-9795-54B9F8AA6EA1}.Debug|Any CPU.Build.0 = Debug|Any CPU
		{198FA363-C4D4-462E-9795-54B9F8AA6EA1}.Release|Any CPU.ActiveCfg = Release|Any CPU
		{198FA363-C4D4-462E-9795-54B9F8AA6EA1}.Release|Any CPU.Build.0 = Release|Any CPU
	EndGlobalSection
	GlobalSection(SolutionProperties) = preSolution
		HideSolutionNode = FALSE
	EndGlobalSection
	GlobalSection(ExtensibilityGlobals) = postSolution
		SolutionGuid = {B333B3EF-A06D-48F6-B831-297A273DFE37}
	EndGlobalSection
EndGlobal
